dependencies:
  espressif/button:
    component_hash: 
      fccb18c37f1cfe0797b74a53a44d3f400f5fd01f4993b40052dfb7f401915089
    dependencies:
    - name: espressif/cmake_utilities
      registry_url: https://components.espressif.com
      require: private
      version: '*'
    - name: idf
      require: private
      version: '>=4.0'
    source:
      registry_url: https://components.espressif.com/
      type: service
    version: 4.1.5
  espressif/cmake_utilities:
    component_hash: 
      05165f30922b422b4b90c08845e6d449329b97370fbd06309803d8cb539d79e3
    dependencies:
    - name: idf
      require: private
      version: '>=4.1'
    source:
      registry_url: https://components.espressif.com
      type: service
    version: 1.1.1
  espressif/esp32-camera:
    component_hash: 
      f0a608b109935a5389221eee5090ec61f51b0df1a0749531fe59d33aaf263233
    dependencies:
    - name: espressif/esp_jpeg
      registry_url: https://components.espressif.com
      require: public
      version: ^1.3.1
    - name: idf
      require: private
      version: '>=5.1'
    source:
      registry_url: https://components.espressif.com/
      type: service
    version: 2.1.4
  espressif/esp_io_expander:
    component_hash: 
      034903704f65e3994d7cce9d080b19d89525cf6d416574b932826adf680f3942
    dependencies:
    - name: idf
      require: private
      version: '>=4.4.2'
    source:
      registry_url: https://components.espressif.com
      type: service
    version: 1.2.0
  espressif/esp_io_expander_tca9554:
    component_hash: 
      ee94a439ade1c17129a491efe572c600899306a2ffadbde491852d95333e28b4
    dependencies:
    - name: espressif/esp_io_expander
      registry_url: https://components.espressif.com
      require: public
      version: ^1.2.0
    - name: idf
      require: private
      version: '>=5.2'
    source:
      registry_url: https://components.espressif.com/
      type: service
    version: 2.0.3
  espressif/esp_jpeg:
    component_hash: 
      defb83669293cbf86d0fa86b475ba5517aceed04ed70db435388c151ab37b5d7
    dependencies:
    - name: idf
      require: private
      version: '>=5.0'
    source:
      registry_url: https://components.espressif.com
      type: service
    version: 1.3.1
  espressif/esp_lcd_touch:
    component_hash: 
      3f85a7d95af876f1a6ecca8eb90a81614890d0f03a038390804e5a77e2caf862
    dependencies:
    - name: idf
      require: private
      version: '>=4.4.2'
    source:
      registry_url: https://components.espressif.com/
      type: service
    version: 1.2.1
  espressif/esp_lvgl_port:
    component_hash: 
      f872401524cb645ee6ff1c9242d44fb4ddcfd4d37d7be8b9ed3f4e85a404efcd
    dependencies:
    - name: idf
      require: private
      version: '>=5.1'
    - name: lvgl/lvgl
      registry_url: https://components.espressif.com
      require: public
      version: '>=8,<10'
    source:
      registry_url: https://components.espressif.com/
      type: service
    version: 2.7.0
  espressif/quirc:
    component_hash: 
      3be250a06364f0d71a7903b66ac93084d2ce3998c2e75a168b9f1f0621dd6218
    dependencies:
    - name: idf
      require: private
      version: '>=4.3.0'
    source:
      registry_url: https://components.espressif.com/
      type: service
    version: 1.2.0
  idf:
    source:
      type: idf
    version: 5.5.0
  lvgl/lvgl:
    component_hash: 
      2a8f619b5c2b1c7ad116c33d43dae8989c76739068f406a7e8ba9221e1085f17
    dependencies: []
    source:
      registry_url: https://components.espressif.com/
      type: service
    version: 9.1.0
direct_dependencies:
- espressif/button
- espressif/esp32-camera
- espressif/esp_io_expander_tca9554
- espressif/esp_lcd_touch
- espressif/esp_lvgl_port
- espressif/quirc
- idf
- lvgl/lvgl
manifest_hash: f3c4cb40317a61c3f76000f4a8221080230d42edb3c583449be2ca1655d7731c
target: esp32s3
version: 2.0.0
